
Microsoft Visual Studio Solution File, Format Version 12.00
# Visual Studio Version 17
VisualStudioVersion = 17.6.33829.357
MinimumVisualStudioVersion = 10.0.40219.1
Project("{9A19103F-16F7-4668-BE54-9A1E7A4F7556}") = "BrokerEmulator", "BrokerEmulator.csproj", "{EBEDB945-10E5-4699-8548-B52B768F6FFC}"
EndProject
Project("{9A19103F-16F7-4668-BE54-9A1E7A4F7556}") = "Сloudfactory.MessageBroker", "..\Сloudfactory.MessageBroker\Сloudfactory.MessageBroker.csproj", "{F9E4C593-9025-4D35-8503-68AAEC271A94}"
EndProject
Global
	GlobalSection(SolutionConfigurationPlatforms) = preSolution
		Debug|Any CPU = Debug|Any CPU
		Release|Any CPU = Release|Any CPU
	EndGlobalSection
	GlobalSection(ProjectConfigurationPlatforms) = postSolution
		{EBEDB945-10E5-4699-8548-B52B768F6FFC}.Debug|Any CPU.ActiveCfg = Debug|Any CPU
		{EBEDB945-10E5-4699-8548-B52B768F6FFC}.Debug|Any CPU.Build.0 = Debug|Any CPU
		{EBEDB945-10E5-4699-8548-B52B768F6FFC}.Release|Any CPU.ActiveCfg = Release|Any CPU
		{EBEDB945-10E5-4699-8548-B52B768F6FFC}.Release|Any CPU.Build.0 = Release|Any CPU
		{F9E4C593-9025-4D35-8503-68AAEC271A94}.Debug|Any CPU.ActiveCfg = Debug|Any CPU
		{F9E4C593-9025-4D35-8503-68AAEC271A94}.Debug|Any CPU.Build.0 = Debug|Any CPU
		{F9E4C593-9025-4D35-8503-68AAEC271A94}.Release|Any CPU.ActiveCfg = Release|Any CPU
		{F9E4C593-9025-4D35-8503-68AAEC271A94}.Release|Any CPU.Build.0 = Release|Any CPU
	EndGlobalSection
	GlobalSection(SolutionProperties) = preSolution
		HideSolutionNode = FALSE
	EndGlobalSection
	GlobalSection(ExtensibilityGlobals) = postSolution
		SolutionGuid = {8585BCCF-98E7-4924-959D-1B1564F9342B}
	EndGlobalSection
EndGlobal
